
Microsoft Visual Studio Solution File, Format Version 12.00
# Visual Studio Version 17
VisualStudioVersion = 17.14.36121.58 d17.14
MinimumVisualStudioVersion = 10.0.40219.1
Project("{FAE04EC0-301F-11D3-BF4B-00C04F79EFBC}") = "MinAPI", "MinAPI\MinAPI.csproj", "{F575D348-BFD4-467C-8946-BAB67AA09411}"
EndProject
Global
	GlobalSection(SolutionConfigurationPlatforms) = preSolution
		Debug|Any CPU = Debug|Any CPU
		Release|Any CPU = Release|Any CPU
	EndGlobalSection
	GlobalSection(ProjectConfigurationPlatforms) = postSolution
		{F575D348-BFD4-467C-8946-BAB67AA09411}.Debug|Any CPU.ActiveCfg = Debug|Any CPU
		{F575D348-BFD4-467C-8946-BAB67AA09411}.Debug|Any CPU.Build.0 = Debug|Any CPU
		{F575D348-BFD4-467C-8946-BAB67AA09411}.Release|Any CPU.ActiveCfg = Release|Any CPU
		{F575D348-BFD4-467C-8946-BAB67AA09411}.Release|Any CPU.Build.0 = Release|Any CPU
	EndGlobalSection
	GlobalSection(SolutionProperties) = preSolution
		HideSolutionNode = FALSE
	EndGlobalSection
	GlobalSection(ExtensibilityGlobals) = postSolution
		SolutionGuid = {FB03157A-98EF-4E55-95D2-5916BEFC1112}
	EndGlobalSection
EndGlobal
